
Microsoft Visual Studio Solution File, Format Version 12.00
# Visual Studio Version 16
VisualStudioVersion = 16.0.30002.166
MinimumVisualStudioVersion = 10.0.40219.1
Project("{FAE04EC0-301F-11D3-BF4B-00C04F79EFBC}") = "EnterWell", "EnterWell\EnterWell.csproj", "{9913DD83-347C-489E-9453-5D67FC49892D}"
EndProject
Global
	GlobalSection(SolutionConfigurationPlatforms) = preSolution
		Debug|Any CPU = Debug|Any CPU
		Release|Any CPU = Release|Any CPU
	EndGlobalSection
	GlobalSection(ProjectConfigurationPlatforms) = postSolution
		{9913DD83-347C-489E-9453-5D67FC49892D}.Debug|Any CPU.ActiveCfg = Debug|Any CPU
		{9913DD83-347C-489E-9453-5D67FC49892D}.Debug|Any CPU.Build.0 = Debug|Any CPU
		{9913DD83-347C-489E-9453-5D67FC49892D}.Release|Any CPU.ActiveCfg = Release|Any CPU
		{9913DD83-347C-489E-9453-5D67FC49892D}.Release|Any CPU.Build.0 = Release|Any CPU
	EndGlobalSection
	GlobalSection(SolutionProperties) = preSolution
		HideSolutionNode = FALSE
	EndGlobalSection
	GlobalSection(ExtensibilityGlobals) = postSolution
		SolutionGuid = {867B6573-A761-4377-9E17-5970E98DF57C}
	EndGlobalSection
EndGlobal
